
Microsoft Visual Studio Solution File, Format Version 12.00
# Visual Studio Version 17
VisualStudioVersion = 17.11.35327.3
MinimumVisualStudioVersion = 10.0.40219.1
Project("{FAE04EC0-301F-11D3-BF4B-00C04F79EFBC}") = "NetCsharpExeptions", "NetCsharpExeptions\NetCsharpExeptions.csproj", "{3FCF7EA7-58A8-4F8D-BA38-126160821DA5}"
EndProject
Global
	GlobalSection(SolutionConfigurationPlatforms) = preSolution
		Debug|Any CPU = Debug|Any CPU
		Release|Any CPU = Release|Any CPU
	EndGlobalSection
	GlobalSection(ProjectConfigurationPlatforms) = postSolution
		{3FCF7EA7-58A8-4F8D-BA38-126160821DA5}.Debug|Any CPU.ActiveCfg = Debug|Any CPU
		{3FCF7EA7-58A8-4F8D-BA38-126160821DA5}.Debug|Any CPU.Build.0 = Debug|Any CPU
		{3FCF7EA7-58A8-4F8D-BA38-126160821DA5}.Release|Any CPU.ActiveCfg = Release|Any CPU
		{3FCF7EA7-58A8-4F8D-BA38-126160821DA5}.Release|Any CPU.Build.0 = Release|Any CPU
	EndGlobalSection
	GlobalSection(SolutionProperties) = preSolution
		HideSolutionNode = FALSE
	EndGlobalSection
	GlobalSection(ExtensibilityGlobals) = postSolution
		SolutionGuid = {C3299564-69B1-465A-9DB8-0D7F0EDB4302}
	EndGlobalSection
EndGlobal
